
Microsoft Visual Studio Solution File, Format Version 12.00
# Visual Studio Version 16
VisualStudioVersion = 16.0.31410.357
MinimumVisualStudioVersion = 10.0.40219.1
Project("{9A19103F-16F7-4668-BE54-9A1E7A4F7556}") = "Bill.Api", "Bill.Api\Bill.Api.csproj", "{0828F019-36C2-4255-9A7B-5C58D1525C5C}"
EndProject
Project("{9A19103F-16F7-4668-BE54-9A1E7A4F7556}") = "Bill.DAL", "Bill.DAL\Bill.DAL.csproj", "{2F4AECCA-F724-47B9-B16B-5E156D866059}"
EndProject
Project("{9A19103F-16F7-4668-BE54-9A1E7A4F7556}") = "Bill.DTO", "Bill.DTO\Bill.DTO.csproj", "{FD3EC171-DE2C-4B38-AC46-0A0CF1ABEAC4}"
EndProject
Project("{9A19103F-16F7-4668-BE54-9A1E7A4F7556}") = "ConnectionTool", "Bill.ConnectionTool\ConnectionTool.csproj", "{C4369BA5-4DA5-49EC-84E6-011B49A42532}"
EndProject
Project("{00D1A9C2-B5F0-4AF3-8072-F6C62B433612}") = "00_Bill.DB", "Bill.DB\00_Bill.DB.sqlproj", "{194721AE-BA60-43A4-A08E-650FBC5D9FBC}"
EndProject
Global
	GlobalSection(SolutionConfigurationPlatforms) = preSolution
		Debug|Any CPU = Debug|Any CPU
		Release|Any CPU = Release|Any CPU
	EndGlobalSection
	GlobalSection(ProjectConfigurationPlatforms) = postSolution
		{0828F019-36C2-4255-9A7B-5C58D1525C5C}.Debug|Any CPU.ActiveCfg = Debug|Any CPU
		{0828F019-36C2-4255-9A7B-5C58D1525C5C}.Debug|Any CPU.Build.0 = Debug|Any CPU
		{0828F019-36C2-4255-9A7B-5C58D1525C5C}.Release|Any CPU.ActiveCfg = Release|Any CPU
		{0828F019-36C2-4255-9A7B-5C58D1525C5C}.Release|Any CPU.Build.0 = Release|Any CPU
		{2F4AECCA-F724-47B9-B16B-5E156D866059}.Debug|Any CPU.ActiveCfg = Debug|Any CPU
		{2F4AECCA-F724-47B9-B16B-5E156D866059}.Debug|Any CPU.Build.0 = Debug|Any CPU
		{2F4AECCA-F724-47B9-B16B-5E156D866059}.Release|Any CPU.ActiveCfg = Release|Any CPU
		{2F4AECCA-F724-47B9-B16B-5E156D866059}.Release|Any CPU.Build.0 = Release|Any CPU
		{FD3EC171-DE2C-4B38-AC46-0A0CF1ABEAC4}.Debug|Any CPU.ActiveCfg = Debug|Any CPU
		{FD3EC171-DE2C-4B38-AC46-0A0CF1ABEAC4}.Debug|Any CPU.Build.0 = Debug|Any CPU
		{FD3EC171-DE2C-4B38-AC46-0A0CF1ABEAC4}.Release|Any CPU.ActiveCfg = Release|Any CPU
		{FD3EC171-DE2C-4B38-AC46-0A0CF1ABEAC4}.Release|Any CPU.Build.0 = Release|Any CPU
		{C4369BA5-4DA5-49EC-84E6-011B49A42532}.Debug|Any CPU.ActiveCfg = Debug|Any CPU
		{C4369BA5-4DA5-49EC-84E6-011B49A42532}.Debug|Any CPU.Build.0 = Debug|Any CPU
		{C4369BA5-4DA5-49EC-84E6-011B49A42532}.Release|Any CPU.ActiveCfg = Release|Any CPU
		{C4369BA5-4DA5-49EC-84E6-011B49A42532}.Release|Any CPU.Build.0 = Release|Any CPU
		{194721AE-BA60-43A4-A08E-650FBC5D9FBC}.Debug|Any CPU.ActiveCfg = Debug|Any CPU
		{194721AE-BA60-43A4-A08E-650FBC5D9FBC}.Debug|Any CPU.Build.0 = Debug|Any CPU
		{194721AE-BA60-43A4-A08E-650FBC5D9FBC}.Debug|Any CPU.Deploy.0 = Debug|Any CPU
		{194721AE-BA60-43A4-A08E-650FBC5D9FBC}.Release|Any CPU.ActiveCfg = Release|Any CPU
		{194721AE-BA60-43A4-A08E-650FBC5D9FBC}.Release|Any CPU.Build.0 = Release|Any CPU
		{194721AE-BA60-43A4-A08E-650FBC5D9FBC}.Release|Any CPU.Deploy.0 = Release|Any CPU
	EndGlobalSection
	GlobalSection(SolutionProperties) = preSolution
		HideSolutionNode = FALSE
	EndGlobalSection
	GlobalSection(ExtensibilityGlobals) = postSolution
		SolutionGuid = {8F7A497F-4305-450D-B0E9-854654509CB1}
	EndGlobalSection
EndGlobal
